
Microsoft Visual Studio Solution File, Format Version 12.00
# Visual Studio Version 17
VisualStudioVersion = 17.11.35431.28
MinimumVisualStudioVersion = 10.0.40219.1
Project("{FAE04EC0-301F-11D3-BF4B-00C04F79EFBC}") = "CompassWaypointsOnScreen", "CompassWaypointsOnScreen\CompassWaypointsOnScreen.csproj", "{A8518FE4-9801-4FD3-8B6F-EAFC334D3BBE}"
EndProject
Global
	GlobalSection(SolutionConfigurationPlatforms) = preSolution
		Debug|Any CPU = Debug|Any CPU
		Release|Any CPU = Release|Any CPU
	EndGlobalSection
	GlobalSection(ProjectConfigurationPlatforms) = postSolution
		{A8518FE4-9801-4FD3-8B6F-EAFC334D3BBE}.Debug|Any CPU.ActiveCfg = Debug|Any CPU
		{A8518FE4-9801-4FD3-8B6F-EAFC334D3BBE}.Debug|Any CPU.Build.0 = Debug|Any CPU
		{A8518FE4-9801-4FD3-8B6F-EAFC334D3BBE}.Release|Any CPU.ActiveCfg = Release|Any CPU
		{A8518FE4-9801-4FD3-8B6F-EAFC334D3BBE}.Release|Any CPU.Build.0 = Release|Any CPU
	EndGlobalSection
	GlobalSection(SolutionProperties) = preSolution
		HideSolutionNode = FALSE
	EndGlobalSection
	GlobalSection(ExtensibilityGlobals) = postSolution
		SolutionGuid = {A389CC4F-2399-4F30-8E7D-A5A6F59CCB31}
	EndGlobalSection
EndGlobal
